
Microsoft Visual Studio Solution File, Format Version 12.00
# Visual Studio Version 16
VisualStudioVersion = 16.0.31729.503
MinimumVisualStudioVersion = 10.0.40219.1
Project("{9A19103F-16F7-4668-BE54-9A1E7A4F7556}") = "HotelariaControle.Data", "HotelariaControle.Data\HotelariaControle.Data.csproj", "{2048A27E-4311-4254-8B69-1A8CFCB711FF}"
EndProject
Project("{FAE04EC0-301F-11D3-BF4B-00C04F79EFBC}") = "HotelPim.Web", "HotelPim.Web\HotelPim.Web.csproj", "{56A9FB97-B76B-4C28-9E38-1DA4DEBB811D}"
EndProject
Global
	GlobalSection(SolutionConfigurationPlatforms) = preSolution
		Debug|Any CPU = Debug|Any CPU
		Release|Any CPU = Release|Any CPU
	EndGlobalSection
	GlobalSection(ProjectConfigurationPlatforms) = postSolution
		{2048A27E-4311-4254-8B69-1A8CFCB711FF}.Debug|Any CPU.ActiveCfg = Debug|Any CPU
		{2048A27E-4311-4254-8B69-1A8CFCB711FF}.Debug|Any CPU.Build.0 = Debug|Any CPU
		{2048A27E-4311-4254-8B69-1A8CFCB711FF}.Release|Any CPU.ActiveCfg = Release|Any CPU
		{2048A27E-4311-4254-8B69-1A8CFCB711FF}.Release|Any CPU.Build.0 = Release|Any CPU
		{56A9FB97-B76B-4C28-9E38-1DA4DEBB811D}.Debug|Any CPU.ActiveCfg = Debug|Any CPU
		{56A9FB97-B76B-4C28-9E38-1DA4DEBB811D}.Debug|Any CPU.Build.0 = Debug|Any CPU
		{56A9FB97-B76B-4C28-9E38-1DA4DEBB811D}.Release|Any CPU.ActiveCfg = Release|Any CPU
		{56A9FB97-B76B-4C28-9E38-1DA4DEBB811D}.Release|Any CPU.Build.0 = Release|Any CPU
	EndGlobalSection
	GlobalSection(SolutionProperties) = preSolution
		HideSolutionNode = FALSE
	EndGlobalSection
	GlobalSection(ExtensibilityGlobals) = postSolution
		SolutionGuid = {14450F71-20E2-4171-818F-5DEF81C38657}
	EndGlobalSection
EndGlobal
